// !$*UTF8*$!
{
	archiveVersion = 1;
	classes = {
	};
	objectVersion = 54;
	objects = {

/* Begin PBXBuildFile section */
		058557BB273AAA24004C7B11 /* Assets.xcassets in Resources */ = {isa = PBXBuildFile; fileRef = 058557BA273AAA24004C7B11 /* Assets.xcassets */; };
		058557D9273AAEEB004C7B11 /* Preview Assets.xcassets in Resources */ = {isa = PBXBuildFile; fileRef = 058557D8273AAEEB004C7B11 /* Preview Assets.xcassets */; };
		2152FB042600AC8F00CF470E /* iOSApp.swift in Sources */ = {isa = PBXBuildFile; fileRef = 2152FB032600AC8F00CF470E /* iOSApp.swift */; };
		7555FF83242A565900829871 /* ContentView.swift in Sources */ = {isa = PBXBuildFile; fileRef = 7555FF82242A565900829871 /* ContentView.swift */; };
		99C99B8577A1205C21BA4743 /* Pods_iosApp.framework in Frameworks */ = {isa = PBXBuildFile; fileRef = 8748739CDE893B32455E8DE4 /* Pods_iosApp.framework */; };
		EB1D1D112CB5D4DE00F77D40 /* ToastMessageView.swift in Sources */ = {isa = PBXBuildFile; fileRef = EB1D1D102CB5D4DE00F77D40 /* ToastMessageView.swift */; };
		EB1D1D142CB5D6BD00F77D40 /* ToastMessageModifier.swift in Sources */ = {isa = PBXBuildFile; fileRef = EB1D1D132CB5D6BD00F77D40 /* ToastMessageModifier.swift */; };
		EB1D1D172CB5D74900F77D40 /* ToastMessage.swift in Sources */ = {isa = PBXBuildFile; fileRef = EB1D1D162CB5D74900F77D40 /* ToastMessage.swift */; };
		EB1D1D192CB5EBBA00F77D40 /* View_ToastMessageView.swift in Sources */ = {isa = PBXBuildFile; fileRef = EB1D1D182CB5EBBA00F77D40 /* View_ToastMessageView.swift */; };
		EB1D1D1F2CB6F90700F77D40 /* View_NavigationExtension.swift in Sources */ = {isa = PBXBuildFile; fileRef = EB1D1D1E2CB6F90700F77D40 /* View_NavigationExtension.swift */; };
		EB1D1D212CB6FA7A00F77D40 /* AppAuthScreen.swift in Sources */ = {isa = PBXBuildFile; fileRef = EB1D1D202CB6FA7A00F77D40 /* AppAuthScreen.swift */; };
		EB1D1D232CB708B000F77D40 /* AuthResult.swift in Sources */ = {isa = PBXBuildFile; fileRef = EB1D1D222CB708B000F77D40 /* AuthResult.swift */; };
		EB1D1D252CB7CC7000F77D40 /* AppAuthViewModel.swift in Sources */ = {isa = PBXBuildFile; fileRef = EB1D1D242CB7CC7000F77D40 /* AppAuthViewModel.swift */; };
		EB1D1D272CB7DD7700F77D40 /* AuthResponseHandler.swift in Sources */ = {isa = PBXBuildFile; fileRef = EB1D1D262CB7DD7700F77D40 /* AuthResponseHandler.swift */; };
		EB1D1D2B2CB8873900F77D40 /* LanguageSettingsScreen.swift in Sources */ = {isa = PBXBuildFile; fileRef = EB1D1D2A2CB8873900F77D40 /* LanguageSettingsScreen.swift */; };
		EB25844A2CD1B1F40084FBE9 /* UpsertProfileScreen.swift in Sources */ = {isa = PBXBuildFile; fileRef = EB2584492CD1B1F40084FBE9 /* UpsertProfileScreen.swift */; };
		EB25844C2CD1B20D0084FBE9 /* InputScreen.swift in Sources */ = {isa = PBXBuildFile; fileRef = EB25844B2CD1B20D0084FBE9 /* InputScreen.swift */; };
		EB25844F2CD1B6540084FBE9 /* ManageContentScreen.swift in Sources */ = {isa = PBXBuildFile; fileRef = EB25844E2CD1B6540084FBE9 /* ManageContentScreen.swift */; };
		EB2584512CD1B6D30084FBE9 /* ContentLoadFailureScreen.swift in Sources */ = {isa = PBXBuildFile; fileRef = EB2584502CD1B6D30084FBE9 /* ContentLoadFailureScreen.swift */; };
		EB2584532CD1B91A0084FBE9 /* ContentLoadedScreen.swift in Sources */ = {isa = PBXBuildFile; fileRef = EB2584522CD1B91A0084FBE9 /* ContentLoadedScreen.swift */; };
		EB71F7A42C635FF700B4922C /* AppLogger.swift in Sources */ = {isa = PBXBuildFile; fileRef = EB71F7A32C635FF700B4922C /* AppLogger.swift */; };
		EB71F7A62C637D9000B4922C /* AppKeyValueStorage.swift in Sources */ = {isa = PBXBuildFile; fileRef = EB71F7A52C637D9000B4922C /* AppKeyValueStorage.swift */; };
		EB71F7A82C63F1BA00B4922C /* AppViewModel.swift in Sources */ = {isa = PBXBuildFile; fileRef = EB71F7A72C63F1BA00B4922C /* AppViewModel.swift */; };
		EB71F7AD2C63FA7E00B4922C /* WelcomeScreen.swift in Sources */ = {isa = PBXBuildFile; fileRef = EB71F7AC2C63FA7E00B4922C /* WelcomeScreen.swift */; };
		EB71F7AF2C6416AF00B4922C /* HomeScreen.swift in Sources */ = {isa = PBXBuildFile; fileRef = EB71F7AE2C6416AF00B4922C /* HomeScreen.swift */; };
		EB71F7B12C6417F900B4922C /* LoadedHomeScreen.swift in Sources */ = {isa = PBXBuildFile; fileRef = EB71F7B02C6417F900B4922C /* LoadedHomeScreen.swift */; };
		EB71F7B32C64187E00B4922C /* LoadingScreen.swift in Sources */ = {isa = PBXBuildFile; fileRef = EB71F7B22C64187E00B4922C /* LoadingScreen.swift */; };
/* End PBXBuildFile section */

/* Begin PBXFileReference section */
		058557BA273AAA24004C7B11 /* Assets.xcassets */ = {isa = PBXFileReference; lastKnownFileType = folder.assetcatalog; path = Assets.xcassets; sourceTree = "<group>"; };
		058557D8273AAEEB004C7B11 /* Preview Assets.xcassets */ = {isa = PBXFileReference; lastKnownFileType = folder.assetcatalog; path = "Preview Assets.xcassets"; sourceTree = "<group>"; };
		2152FB032600AC8F00CF470E /* iOSApp.swift */ = {isa = PBXFileReference; lastKnownFileType = sourcecode.swift; path = iOSApp.swift; sourceTree = "<group>"; };
		434150D79A1592A5AE460196 /* Pods-iosApp.release.xcconfig */ = {isa = PBXFileReference; includeInIndex = 1; lastKnownFileType = text.xcconfig; name = "Pods-iosApp.release.xcconfig"; path = "Target Support Files/Pods-iosApp/Pods-iosApp.release.xcconfig"; sourceTree = "<group>"; };
		7555FF7B242A565900829871 /* iosApp.app */ = {isa = PBXFileReference; explicitFileType = wrapper.application; includeInIndex = 0; path = iosApp.app; sourceTree = BUILT_PRODUCTS_DIR; };
		7555FF82242A565900829871 /* ContentView.swift */ = {isa = PBXFileReference; lastKnownFileType = sourcecode.swift; path = ContentView.swift; sourceTree = "<group>"; };
		7555FF8C242A565B00829871 /* Info.plist */ = {isa = PBXFileReference; lastKnownFileType = text.plist.xml; path = Info.plist; sourceTree = "<group>"; };
		8748739CDE893B32455E8DE4 /* Pods_iosApp.framework */ = {isa = PBXFileReference; explicitFileType = wrapper.framework; includeInIndex = 0; path = Pods_iosApp.framework; sourceTree = BUILT_PRODUCTS_DIR; };
		87D63107D7807D5D0660C9AE /* Pods-iosApp.debug.xcconfig */ = {isa = PBXFileReference; includeInIndex = 1; lastKnownFileType = text.xcconfig; name = "Pods-iosApp.debug.xcconfig"; path = "Target Support Files/Pods-iosApp/Pods-iosApp.debug.xcconfig"; sourceTree = "<group>"; };
		EB1D1D102CB5D4DE00F77D40 /* ToastMessageView.swift */ = {isa = PBXFileReference; lastKnownFileType = sourcecode.swift; path = ToastMessageView.swift; sourceTree = "<group>"; };
		EB1D1D132CB5D6BD00F77D40 /* ToastMessageModifier.swift */ = {isa = PBXFileReference; lastKnownFileType = sourcecode.swift; path = ToastMessageModifier.swift; sourceTree = "<group>"; };
		EB1D1D162CB5D74900F77D40 /* ToastMessage.swift */ = {isa = PBXFileReference; lastKnownFileType = sourcecode.swift; path = ToastMessage.swift; sourceTree = "<group>"; };
		EB1D1D182CB5EBBA00F77D40 /* View_ToastMessageView.swift */ = {isa = PBXFileReference; lastKnownFileType = sourcecode.swift; path = View_ToastMessageView.swift; sourceTree = "<group>"; };
		EB1D1D1E2CB6F90700F77D40 /* View_NavigationExtension.swift */ = {isa = PBXFileReference; lastKnownFileType = sourcecode.swift; path = View_NavigationExtension.swift; sourceTree = "<group>"; };
		EB1D1D202CB6FA7A00F77D40 /* AppAuthScreen.swift */ = {isa = PBXFileReference; lastKnownFileType = sourcecode.swift; path = AppAuthScreen.swift; sourceTree = "<group>"; };
		EB1D1D222CB708B000F77D40 /* AuthResult.swift */ = {isa = PBXFileReference; lastKnownFileType = sourcecode.swift; path = AuthResult.swift; sourceTree = "<group>"; };
		EB1D1D242CB7CC7000F77D40 /* AppAuthViewModel.swift */ = {isa = PBXFileReference; lastKnownFileType = sourcecode.swift; path = AppAuthViewModel.swift; sourceTree = "<group>"; };
		EB1D1D262CB7DD7700F77D40 /* AuthResponseHandler.swift */ = {isa = PBXFileReference; lastKnownFileType = sourcecode.swift; path = AuthResponseHandler.swift; sourceTree = "<group>"; };
		EB1D1D2A2CB8873900F77D40 /* LanguageSettingsScreen.swift */ = {isa = PBXFileReference; lastKnownFileType = sourcecode.swift; path = LanguageSettingsScreen.swift; sourceTree = "<group>"; };
		EB2584492CD1B1F40084FBE9 /* UpsertProfileScreen.swift */ = {isa = PBXFileReference; lastKnownFileType = sourcecode.swift; path = UpsertProfileScreen.swift; sourceTree = "<group>"; };
		EB25844B2CD1B20D0084FBE9 /* InputScreen.swift */ = {isa = PBXFileReference; lastKnownFileType = sourcecode.swift; path = InputScreen.swift; sourceTree = "<group>"; };
		EB25844E2CD1B6540084FBE9 /* ManageContentScreen.swift */ = {isa = PBXFileReference; lastKnownFileType = sourcecode.swift; path = ManageContentScreen.swift; sourceTree = "<group>"; };
		EB2584502CD1B6D30084FBE9 /* ContentLoadFailureScreen.swift */ = {isa = PBXFileReference; lastKnownFileType = sourcecode.swift; path = ContentLoadFailureScreen.swift; sourceTree = "<group>"; };
		EB2584522CD1B91A0084FBE9 /* ContentLoadedScreen.swift */ = {isa = PBXFileReference; lastKnownFileType = sourcecode.swift; path = ContentLoadedScreen.swift; sourceTree = "<group>"; };
		EB71F7A32C635FF700B4922C /* AppLogger.swift */ = {isa = PBXFileReference; lastKnownFileType = sourcecode.swift; path = AppLogger.swift; sourceTree = "<group>"; };
		EB71F7A52C637D9000B4922C /* AppKeyValueStorage.swift */ = {isa = PBXFileReference; lastKnownFileType = sourcecode.swift; path = AppKeyValueStorage.swift; sourceTree = "<group>"; };
		EB71F7A72C63F1BA00B4922C /* AppViewModel.swift */ = {isa = PBXFileReference; lastKnownFileType = sourcecode.swift; path = AppViewModel.swift; sourceTree = "<group>"; };
		EB71F7AC2C63FA7E00B4922C /* WelcomeScreen.swift */ = {isa = PBXFileReference; lastKnownFileType = sourcecode.swift; path = WelcomeScreen.swift; sourceTree = "<group>"; };
		EB71F7AE2C6416AF00B4922C /* HomeScreen.swift */ = {isa = PBXFileReference; lastKnownFileType = sourcecode.swift; path = HomeScreen.swift; sourceTree = "<group>"; };
		EB71F7B02C6417F900B4922C /* LoadedHomeScreen.swift */ = {isa = PBXFileReference; lastKnownFileType = sourcecode.swift; path = LoadedHomeScreen.swift; sourceTree = "<group>"; };
		EB71F7B22C64187E00B4922C /* LoadingScreen.swift */ = {isa = PBXFileReference; lastKnownFileType = sourcecode.swift; path = LoadingScreen.swift; sourceTree = "<group>"; };
/* End PBXFileReference section */

/* Begin PBXFrameworksBuildPhase section */
		52D827862FA29E68521C2EC3 /* Frameworks */ = {
			isa = PBXFrameworksBuildPhase;
			buildActionMask = 2147483647;
			files = (
				99C99B8577A1205C21BA4743 /* Pods_iosApp.framework in Frameworks */,
			);
			runOnlyForDeploymentPostprocessing = 0;
		};
/* End PBXFrameworksBuildPhase section */

/* Begin PBXGroup section */
		058557D7273AAEEB004C7B11 /* Preview Content */ = {
			isa = PBXGroup;
			children = (
				058557D8273AAEEB004C7B11 /* Preview Assets.xcassets */,
			);
			path = "Preview Content";
			sourceTree = "<group>";
		};
		10EF5EEE96C3772D2A6A52BC /* Pods */ = {
			isa = PBXGroup;
			children = (
				87D63107D7807D5D0660C9AE /* Pods-iosApp.debug.xcconfig */,
				434150D79A1592A5AE460196 /* Pods-iosApp.release.xcconfig */,
			);
			path = Pods;
			sourceTree = "<group>";
		};
		7555FF72242A565900829871 = {
			isa = PBXGroup;
			children = (
				7555FF7D242A565900829871 /* iosApp */,
				7555FF7C242A565900829871 /* Products */,
				10EF5EEE96C3772D2A6A52BC /* Pods */,
				B186E97606B2CA64BBCF9479 /* Frameworks */,
			);
			sourceTree = "<group>";
		};
		7555FF7C242A565900829871 /* Products */ = {
			isa = PBXGroup;
			children = (
				7555FF7B242A565900829871 /* iosApp.app */,
			);
			name = Products;
			sourceTree = "<group>";
		};
		7555FF7D242A565900829871 /* iosApp */ = {
			isa = PBXGroup;
			children = (
				EB1D1D1D2CB6F8E700F77D40 /* Navigation */,
				EB1D1D122CB5D68300F77D40 /* CommonUi */,
				EB71F7AA2C63FA5D00B4922C /* Screens */,
				058557BA273AAA24004C7B11 /* Assets.xcassets */,
				7555FF82242A565900829871 /* ContentView.swift */,
				7555FF8C242A565B00829871 /* Info.plist */,
				2152FB032600AC8F00CF470E /* iOSApp.swift */,
				058557D7273AAEEB004C7B11 /* Preview Content */,
				EB71F7A32C635FF700B4922C /* AppLogger.swift */,
				EB71F7A52C637D9000B4922C /* AppKeyValueStorage.swift */,
				EB71F7A72C63F1BA00B4922C /* AppViewModel.swift */,
			);
			path = iosApp;
			sourceTree = "<group>";
		};
		B186E97606B2CA64BBCF9479 /* Frameworks */ = {
			isa = PBXGroup;
			children = (
				8748739CDE893B32455E8DE4 /* Pods_iosApp.framework */,
			);
			name = Frameworks;
			sourceTree = "<group>";
		};
		EB1D1D122CB5D68300F77D40 /* CommonUi */ = {
			isa = PBXGroup;
			children = (
				EB1D1D152CB5D6DB00F77D40 /* ToastMessage */,
			);
			path = CommonUi;
			sourceTree = "<group>";
		};
		EB1D1D152CB5D6DB00F77D40 /* ToastMessage */ = {
			isa = PBXGroup;
			children = (
				EB1D1D132CB5D6BD00F77D40 /* ToastMessageModifier.swift */,
				EB1D1D102CB5D4DE00F77D40 /* ToastMessageView.swift */,
				EB1D1D162CB5D74900F77D40 /* ToastMessage.swift */,
				EB1D1D182CB5EBBA00F77D40 /* View_ToastMessageView.swift */,
			);
			path = ToastMessage;
			sourceTree = "<group>";
		};
		EB1D1D1B2CB6E55700F77D40 /* Identity */ = {
			isa = PBXGroup;
			children = (
				EB1D1D1C2CB6E55E00F77D40 /* Auth */,
			);
			path = Identity;
			sourceTree = "<group>";
		};
		EB1D1D1C2CB6E55E00F77D40 /* Auth */ = {
			isa = PBXGroup;
			children = (
				EB1D1D202CB6FA7A00F77D40 /* AppAuthScreen.swift */,
				EB1D1D222CB708B000F77D40 /* AuthResult.swift */,
				EB1D1D242CB7CC7000F77D40 /* AppAuthViewModel.swift */,
				EB1D1D262CB7DD7700F77D40 /* AuthResponseHandler.swift */,
			);
			path = Auth;
			sourceTree = "<group>";
		};
		EB1D1D1D2CB6F8E700F77D40 /* Navigation */ = {
			isa = PBXGroup;
			children = (
				EB1D1D1E2CB6F90700F77D40 /* View_NavigationExtension.swift */,
			);
			path = Navigation;
			sourceTree = "<group>";
		};
		EB1D1D282CB8862200F77D40 /* Settings */ = {
			isa = PBXGroup;
			children = (
				EB1D1D292CB8863E00F77D40 /* Language */,
			);
			path = Settings;
			sourceTree = "<group>";
		};
		EB1D1D292CB8863E00F77D40 /* Language */ = {
			isa = PBXGroup;
			children = (
				EB1D1D2A2CB8873900F77D40 /* LanguageSettingsScreen.swift */,
			);
			path = Language;
			sourceTree = "<group>";
		};
		EB2584472CD1B1CA0084FBE9 /* Userprofile */ = {
			isa = PBXGroup;
			children = (
				EB2584482CD1B1DA0084FBE9 /* Upsert */,
			);
			path = Userprofile;
			sourceTree = "<group>";
		};
		EB2584482CD1B1DA0084FBE9 /* Upsert */ = {
			isa = PBXGroup;
			children = (
				EB2584492CD1B1F40084FBE9 /* UpsertProfileScreen.swift */,
				EB25844B2CD1B20D0084FBE9 /* InputScreen.swift */,
			);
			path = Upsert;
			sourceTree = "<group>";
		};
		EB25844D2CD1B63C0084FBE9 /* Content */ = {
			isa = PBXGroup;
			children = (
				EB25844E2CD1B6540084FBE9 /* ManageContentScreen.swift */,
				EB2584502CD1B6D30084FBE9 /* ContentLoadFailureScreen.swift */,
				EB2584522CD1B91A0084FBE9 /* ContentLoadedScreen.swift */,
			);
			path = Content;
			sourceTree = "<group>";
		};
		EB71F7AA2C63FA5D00B4922C /* Screens */ = {
			isa = PBXGroup;
			children = (
				EB25844D2CD1B63C0084FBE9 /* Content */,
				EB2584472CD1B1CA0084FBE9 /* Userprofile */,
				EB1D1D282CB8862200F77D40 /* Settings */,
				EB1D1D1B2CB6E55700F77D40 /* Identity */,
				EB71F7AB2C63FA6D00B4922C /* Home */,
			);
			path = Screens;
			sourceTree = "<group>";
		};
		EB71F7AB2C63FA6D00B4922C /* Home */ = {
			isa = PBXGroup;
			children = (
				EB71F7AC2C63FA7E00B4922C /* WelcomeScreen.swift */,
				EB71F7AE2C6416AF00B4922C /* HomeScreen.swift */,
				EB71F7B02C6417F900B4922C /* LoadedHomeScreen.swift */,
				EB71F7B22C64187E00B4922C /* LoadingScreen.swift */,
			);
			path = Home;
			sourceTree = "<group>";
		};
/* End PBXGroup section */

/* Begin PBXNativeTarget section */
		7555FF7A242A565900829871 /* iosApp */ = {
			isa = PBXNativeTarget;
			buildConfigurationList = 7555FFA5242A565B00829871 /* Build configuration list for PBXNativeTarget "iosApp" */;
			buildPhases = (
				5739C079E4394D6D3211F950 /* [CP] Check Pods Manifest.lock */,
				7555FF77242A565900829871 /* Sources */,
				7555FF79242A565900829871 /* Resources */,
				52D827862FA29E68521C2EC3 /* Frameworks */,
				4E7385548F4BDD89F753EF3C /* [CP] Embed Pods Frameworks */,
			);
			buildRules = (
			);
			dependencies = (
			);
			name = iosApp;
			productName = iosApp;
			productReference = 7555FF7B242A565900829871 /* iosApp.app */;
			productType = "com.apple.product-type.application";
		};
/* End PBXNativeTarget section */

/* Begin PBXProject section */
		7555FF73242A565900829871 /* Project object */ = {
			isa = PBXProject;
			attributes = {
				LastSwiftUpdateCheck = 1130;
				LastUpgradeCheck = 1130;
				ORGANIZATIONNAME = orgName;
				TargetAttributes = {
					7555FF7A242A565900829871 = {
						CreatedOnToolsVersion = 11.3.1;
					};
				};
			};
			buildConfigurationList = 7555FF76242A565900829871 /* Build configuration list for PBXProject "iosApp" */;
			compatibilityVersion = "Xcode 9.3";
			developmentRegion = en;
			hasScannedForEncodings = 0;
			knownRegions = (
				en,
				Base,
			);
			mainGroup = 7555FF72242A565900829871;
			productRefGroup = 7555FF7C242A565900829871 /* Products */;
			projectDirPath = "";
			projectRoot = "";
			targets = (
				7555FF7A242A565900829871 /* iosApp */,
			);
		};
/* End PBXProject section */

/* Begin PBXResourcesBuildPhase section */
		7555FF79242A565900829871 /* Resources */ = {
			isa = PBXResourcesBuildPhase;
			buildActionMask = 2147483647;
			files = (
				058557D9273AAEEB004C7B11 /* Preview Assets.xcassets in Resources */,
				058557BB273AAA24004C7B11 /* Assets.xcassets in Resources */,
			);
			runOnlyForDeploymentPostprocessing = 0;
		};
/* End PBXResourcesBuildPhase section */

/* Begin PBXShellScriptBuildPhase section */
		4E7385548F4BDD89F753EF3C /* [CP] Embed Pods Frameworks */ = {
			isa = PBXShellScriptBuildPhase;
			buildActionMask = 2147483647;
			files = (
			);
			inputFileListPaths = (
				"${PODS_ROOT}/Target Support Files/Pods-iosApp/Pods-iosApp-frameworks-${CONFIGURATION}-input-files.xcfilelist",
			);
			name = "[CP] Embed Pods Frameworks";
			outputFileListPaths = (
				"${PODS_ROOT}/Target Support Files/Pods-iosApp/Pods-iosApp-frameworks-${CONFIGURATION}-output-files.xcfilelist",
			);
			runOnlyForDeploymentPostprocessing = 0;
			shellPath = /bin/sh;
			shellScript = "\"${PODS_ROOT}/Target Support Files/Pods-iosApp/Pods-iosApp-frameworks.sh\"\n";
			showEnvVarsInLog = 0;
		};
		5739C079E4394D6D3211F950 /* [CP] Check Pods Manifest.lock */ = {
			isa = PBXShellScriptBuildPhase;
			buildActionMask = 2147483647;
			files = (
			);
			inputFileListPaths = (
			);
			inputPaths = (
				"${PODS_PODFILE_DIR_PATH}/Podfile.lock",
				"${PODS_ROOT}/Manifest.lock",
			);
			name = "[CP] Check Pods Manifest.lock";
			outputFileListPaths = (
			);
			outputPaths = (
				"$(DERIVED_FILE_DIR)/Pods-iosApp-checkManifestLockResult.txt",
			);
			runOnlyForDeploymentPostprocessing = 0;
			shellPath = /bin/sh;
			shellScript = "diff \"${PODS_PODFILE_DIR_PATH}/Podfile.lock\" \"${PODS_ROOT}/Manifest.lock\" > /dev/null\nif [ $? != 0 ] ; then\n    # print error to STDERR\n    echo \"error: The sandbox is not in sync with the Podfile.lock. Run 'pod install' or update your CocoaPods installation.\" >&2\n    exit 1\nfi\n# This output is used by Xcode 'outputs' to avoid re-running this script phase.\necho \"SUCCESS\" > \"${SCRIPT_OUTPUT_FILE_0}\"\n";
			showEnvVarsInLog = 0;
		};
/* End PBXShellScriptBuildPhase section */

/* Begin PBXSourcesBuildPhase section */
		7555FF77242A565900829871 /* Sources */ = {
			isa = PBXSourcesBuildPhase;
			buildActionMask = 2147483647;
			files = (
				EB1D1D192CB5EBBA00F77D40 /* View_ToastMessageView.swift in Sources */,
				EB71F7AD2C63FA7E00B4922C /* WelcomeScreen.swift in Sources */,
				EB1D1D172CB5D74900F77D40 /* ToastMessage.swift in Sources */,
				EB71F7A82C63F1BA00B4922C /* AppViewModel.swift in Sources */,
				EB25844F2CD1B6540084FBE9 /* ManageContentScreen.swift in Sources */,
				EB71F7AF2C6416AF00B4922C /* HomeScreen.swift in Sources */,
				EB1D1D272CB7DD7700F77D40 /* AuthResponseHandler.swift in Sources */,
				EB71F7B12C6417F900B4922C /* LoadedHomeScreen.swift in Sources */,
				EB2584532CD1B91A0084FBE9 /* ContentLoadedScreen.swift in Sources */,
				EB1D1D142CB5D6BD00F77D40 /* ToastMessageModifier.swift in Sources */,
				EB25844C2CD1B20D0084FBE9 /* InputScreen.swift in Sources */,
				EB1D1D112CB5D4DE00F77D40 /* ToastMessageView.swift in Sources */,
				EB1D1D1F2CB6F90700F77D40 /* View_NavigationExtension.swift in Sources */,
				EB2584512CD1B6D30084FBE9 /* ContentLoadFailureScreen.swift in Sources */,
				EB71F7A42C635FF700B4922C /* AppLogger.swift in Sources */,
				2152FB042600AC8F00CF470E /* iOSApp.swift in Sources */,
				EB25844A2CD1B1F40084FBE9 /* UpsertProfileScreen.swift in Sources */,
				EB1D1D2B2CB8873900F77D40 /* LanguageSettingsScreen.swift in Sources */,
				7555FF83242A565900829871 /* ContentView.swift in Sources */,
				EB1D1D252CB7CC7000F77D40 /* AppAuthViewModel.swift in Sources */,
				EB1D1D232CB708B000F77D40 /* AuthResult.swift in Sources */,
				EB71F7A62C637D9000B4922C /* AppKeyValueStorage.swift in Sources */,
				EB1D1D212CB6FA7A00F77D40 /* AppAuthScreen.swift in Sources */,
				EB71F7B32C64187E00B4922C /* LoadingScreen.swift in Sources */,
			);
			runOnlyForDeploymentPostprocessing = 0;
		};
/* End PBXSourcesBuildPhase section */

/* Begin XCBuildConfiguration section */
		7555FFA3242A565B00829871 /* Debug */ = {
			isa = XCBuildConfiguration;
			buildSettings = {
				ALWAYS_SEARCH_USER_PATHS = NO;
				CLANG_ANALYZER_NONNULL = YES;
				CLANG_ANALYZER_NUMBER_OBJECT_CONVERSION = YES_AGGRESSIVE;
				CLANG_CXX_LANGUAGE_STANDARD = "gnu++14";
				CLANG_CXX_LIBRARY = "libc++";
				CLANG_ENABLE_MODULES = YES;
				CLANG_ENABLE_OBJC_ARC = YES;
				CLANG_ENABLE_OBJC_WEAK = YES;
				CLANG_WARN_BLOCK_CAPTURE_AUTORELEASING = YES;
				CLANG_WARN_BOOL_CONVERSION = YES;
				CLANG_WARN_COMMA = YES;
				CLANG_WARN_CONSTANT_CONVERSION = YES;
				CLANG_WARN_DEPRECATED_OBJC_IMPLEMENTATIONS = YES;
				CLANG_WARN_DIRECT_OBJC_ISA_USAGE = YES_ERROR;
				CLANG_WARN_DOCUMENTATION_COMMENTS = YES;
				CLANG_WARN_EMPTY_BODY = YES;
				CLANG_WARN_ENUM_CONVERSION = YES;
				CLANG_WARN_INFINITE_RECURSION = YES;
				CLANG_WARN_INT_CONVERSION = YES;
				CLANG_WARN_NON_LITERAL_NULL_CONVERSION = YES;
				CLANG_WARN_OBJC_IMPLICIT_RETAIN_SELF = YES;
				CLANG_WARN_OBJC_LITERAL_CONVERSION = YES;
				CLANG_WARN_OBJC_ROOT_CLASS = YES_ERROR;
				CLANG_WARN_QUOTED_INCLUDE_IN_FRAMEWORK_HEADER = YES;
				CLANG_WARN_RANGE_LOOP_ANALYSIS = YES;
				CLANG_WARN_STRICT_PROTOTYPES = YES;
				CLANG_WARN_SUSPICIOUS_MOVE = YES;
				CLANG_WARN_UNGUARDED_AVAILABILITY = YES_AGGRESSIVE;
				CLANG_WARN_UNREACHABLE_CODE = YES;
				CLANG_WARN__DUPLICATE_METHOD_MATCH = YES;
				COPY_PHASE_STRIP = NO;
				DEBUG_INFORMATION_FORMAT = "dwarf-with-dsym";
				ENABLE_STRICT_OBJC_MSGSEND = YES;
				ENABLE_TESTABILITY = YES;
				GCC_C_LANGUAGE_STANDARD = gnu11;
				GCC_DYNAMIC_NO_PIC = NO;
				GCC_NO_COMMON_BLOCKS = YES;
				GCC_OPTIMIZATION_LEVEL = 0;
				GCC_PREPROCESSOR_DEFINITIONS = (
					"DEBUG=1",
					"$(inherited)",
				);
				GCC_WARN_64_TO_32_BIT_CONVERSION = YES;
				GCC_WARN_ABOUT_RETURN_TYPE = YES_ERROR;
				GCC_WARN_UNDECLARED_SELECTOR = YES;
				GCC_WARN_UNINITIALIZED_AUTOS = YES_AGGRESSIVE;
				GCC_WARN_UNUSED_FUNCTION = YES;
				GCC_WARN_UNUSED_VARIABLE = YES;
				IPHONEOS_DEPLOYMENT_TARGET = 14.1;
				MTL_ENABLE_DEBUG_INFO = INCLUDE_SOURCE;
				MTL_FAST_MATH = YES;
				ONLY_ACTIVE_ARCH = YES;
				SDKROOT = iphoneos;
				SWIFT_ACTIVE_COMPILATION_CONDITIONS = DEBUG;
				SWIFT_OPTIMIZATION_LEVEL = "-Onone";
			};
			name = Debug;
		};
		7555FFA4242A565B00829871 /* Release */ = {
			isa = XCBuildConfiguration;
			buildSettings = {
				ALWAYS_SEARCH_USER_PATHS = NO;
				CLANG_ANALYZER_NONNULL = YES;
				CLANG_ANALYZER_NUMBER_OBJECT_CONVERSION = YES_AGGRESSIVE;
				CLANG_CXX_LANGUAGE_STANDARD = "gnu++14";
				CLANG_CXX_LIBRARY = "libc++";
				CLANG_ENABLE_MODULES = YES;
				CLANG_ENABLE_OBJC_ARC = YES;
				CLANG_ENABLE_OBJC_WEAK = YES;
				CLANG_WARN_BLOCK_CAPTURE_AUTORELEASING = YES;
				CLANG_WARN_BOOL_CONVERSION = YES;
				CLANG_WARN_COMMA = YES;
				CLANG_WARN_CONSTANT_CONVERSION = YES;
				CLANG_WARN_DEPRECATED_OBJC_IMPLEMENTATIONS = YES;
				CLANG_WARN_DIRECT_OBJC_ISA_USAGE = YES_ERROR;
				CLANG_WARN_DOCUMENTATION_COMMENTS = YES;
				CLANG_WARN_EMPTY_BODY = YES;
				CLANG_WARN_ENUM_CONVERSION = YES;
				CLANG_WARN_INFINITE_RECURSION = YES;
				CLANG_WARN_INT_CONVERSION = YES;
				CLANG_WARN_NON_LITERAL_NULL_CONVERSION = YES;
				CLANG_WARN_OBJC_IMPLICIT_RETAIN_SELF = YES;
				CLANG_WARN_OBJC_LITERAL_CONVERSION = YES;
				CLANG_WARN_OBJC_ROOT_CLASS = YES_ERROR;
				CLANG_WARN_QUOTED_INCLUDE_IN_FRAMEWORK_HEADER = YES;
				CLANG_WARN_RANGE_LOOP_ANALYSIS = YES;
				CLANG_WARN_STRICT_PROTOTYPES = YES;
				CLANG_WARN_SUSPICIOUS_MOVE = YES;
				CLANG_WARN_UNGUARDED_AVAILABILITY = YES_AGGRESSIVE;
				CLANG_WARN_UNREACHABLE_CODE = YES;
				CLANG_WARN__DUPLICATE_METHOD_MATCH = YES;
				COPY_PHASE_STRIP = NO;
				DEBUG_INFORMATION_FORMAT = "dwarf-with-dsym";
				ENABLE_NS_ASSERTIONS = NO;
				ENABLE_STRICT_OBJC_MSGSEND = YES;
				GCC_C_LANGUAGE_STANDARD = gnu11;
				GCC_NO_COMMON_BLOCKS = YES;
				GCC_WARN_64_TO_32_BIT_CONVERSION = YES;
				GCC_WARN_ABOUT_RETURN_TYPE = YES_ERROR;
				GCC_WARN_UNDECLARED_SELECTOR = YES;
				GCC_WARN_UNINITIALIZED_AUTOS = YES_AGGRESSIVE;
				GCC_WARN_UNUSED_FUNCTION = YES;
				GCC_WARN_UNUSED_VARIABLE = YES;
				IPHONEOS_DEPLOYMENT_TARGET = 14.1;
				MTL_ENABLE_DEBUG_INFO = NO;
				MTL_FAST_MATH = YES;
				SDKROOT = iphoneos;
				SWIFT_COMPILATION_MODE = wholemodule;
				SWIFT_OPTIMIZATION_LEVEL = "-O";
				VALIDATE_PRODUCT = YES;
			};
			name = Release;
		};
		7555FFA6242A565B00829871 /* Debug */ = {
			isa = XCBuildConfiguration;
			baseConfigurationReference = 87D63107D7807D5D0660C9AE /* Pods-iosApp.debug.xcconfig */;
			buildSettings = {
				ASSETCATALOG_COMPILER_APPICON_NAME = AppIcon;
				CODE_SIGN_STYLE = Automatic;
				DEVELOPMENT_ASSET_PATHS = "\"iosApp/Preview Content\"";
				ENABLE_PREVIEWS = YES;
				INFOPLIST_FILE = iosApp/Info.plist;
				LD_RUNPATH_SEARCH_PATHS = (
					"$(inherited)",
					"@executable_path/Frameworks",
				);
				PRODUCT_BUNDLE_IDENTIFIER = com.langsapp;
				PRODUCT_NAME = "$(TARGET_NAME)";
				SWIFT_VERSION = 5.0;
				TARGETED_DEVICE_FAMILY = "1,2";
			};
			name = Debug;
		};
		7555FFA7242A565B00829871 /* Release */ = {
			isa = XCBuildConfiguration;
			baseConfigurationReference = 434150D79A1592A5AE460196 /* Pods-iosApp.release.xcconfig */;
			buildSettings = {
				ASSETCATALOG_COMPILER_APPICON_NAME = AppIcon;
				CODE_SIGN_STYLE = Automatic;
				DEVELOPMENT_ASSET_PATHS = "\"iosApp/Preview Content\"";
				ENABLE_PREVIEWS = YES;
				INFOPLIST_FILE = iosApp/Info.plist;
				LD_RUNPATH_SEARCH_PATHS = (
					"$(inherited)",
					"@executable_path/Frameworks",
				);
				PRODUCT_BUNDLE_IDENTIFIER = com.langsapp;
				PRODUCT_NAME = "$(TARGET_NAME)";
				SWIFT_VERSION = 5.0;
				TARGETED_DEVICE_FAMILY = "1,2";
			};
			name = Release;
		};
/* End XCBuildConfiguration section */

/* Begin XCConfigurationList section */
		7555FF76242A565900829871 /* Build configuration list for PBXProject "iosApp" */ = {
			isa = XCConfigurationList;
			buildConfigurations = (
				7555FFA3242A565B00829871 /* Debug */,
				7555FFA4242A565B00829871 /* Release */,
			);
			defaultConfigurationIsVisible = 0;
			defaultConfigurationName = Release;
		};
		7555FFA5242A565B00829871 /* Build configuration list for PBXNativeTarget "iosApp" */ = {
			isa = XCConfigurationList;
			buildConfigurations = (
				7555FFA6242A565B00829871 /* Debug */,
				7555FFA7242A565B00829871 /* Release */,
			);
			defaultConfigurationIsVisible = 0;
			defaultConfigurationName = Release;
		};
/* End XCConfigurationList section */
	};
	rootObject = 7555FF73242A565900829871 /* Project object */;
}
